{
  "version": 4,
  "terraform_version": "1.7.0",
  "serial": 2,
  "lineage": "9e3b85dc-f170-2526-d00c-c80beb6d082e",
  "outputs": {
    "disk_create_option": {
      "value": "Empty",
      "type": "string"
    },
    "disk_id": {
      "value": "/subscriptions/bf18f464-1469-4216-834f-9c6694dbfe26/resourceGroups/tfrg/providers/Microsoft.Compute/disks/tfdisk1",
      "type": "string"
    },
    "disk_location": {
      "value": "eastus",
      "type": "string"
    },
    "disk_name": {
      "value": "tfdisk1",
      "type": "string"
    },
    "disk_resource_group": {
      "value": "tfrg",
      "type": "string"
    },
    "disk_size_gb": {
      "value": 32,
      "type": "number"
    },
    "disk_storage_account_type": {
      "value": "Standard_LRS",
      "type": "string"
    },
    "disk_tags": {
      "value": {
        "Duration": "20/03/2024",
        "Owner": "Irfana",
        "Project": "Terraform testing"
      },
      "type": [
        "map",
        "string"
      ]
    }
  },
  "resources": [
    {
      "mode": "managed",
      "type": "azurerm_managed_disk",
      "name": "example",
      "provider": "provider[\"registry.terraform.io/hashicorp/azurerm\"]",
      "instances": [
        {
          "schema_version": 1,
          "attributes": {
            "create_option": "Empty",
            "disk_access_id": "",
            "disk_encryption_set_id": "",
            "disk_iops_read_only": 0,
            "disk_iops_read_write": 500,
            "disk_mbps_read_only": 0,
            "disk_mbps_read_write": 60,
            "disk_size_gb": 32,
            "edge_zone": "",
            "encryption_settings": [],
            "gallery_image_reference_id": "",
            "hyper_v_generation": "",
            "id": "/subscriptions/bf18f464-1469-4216-834f-9c6694dbfe26/resourceGroups/tfrg/providers/Microsoft.Compute/disks/tfdisk1",
            "image_reference_id": "",
            "location": "eastus",
            "logical_sector_size": null,
            "max_shares": 0,
            "name": "tfdisk1",
            "network_access_policy": null,
            "on_demand_bursting_enabled": false,
            "optimized_frequent_attach_enabled": false,
            "os_type": "",
            "performance_plus_enabled": false,
            "public_network_access_enabled": true,
            "resource_group_name": "tfrg",
            "secure_vm_disk_encryption_set_id": "",
            "security_type": "",
            "source_resource_id": "",
            "source_uri": "",
            "storage_account_id": "",
            "storage_account_type": "Standard_LRS",
            "tags": {
              "Duration": "20/03/2024",
              "Owner": "Irfana",
              "Project": "Terraform testing"
            },
            "tier": "",
            "timeouts": null,
            "trusted_launch_enabled": false,
            "upload_size_bytes": 0,
            "zone": ""
          },
          "sensitive_attributes": [],
          "private": "eyJlMmJmYjczMC1lY2FhLTExZTYtOGY4OC0zNDM2M2JjN2M0YzAiOnsiY3JlYXRlIjoxODAwMDAwMDAwMDAwLCJkZWxldGUiOjE4MDAwMDAwMDAwMDAsInJlYWQiOjMwMDAwMDAwMDAwMCwidXBkYXRlIjoxODAwMDAwMDAwMDAwfSwic2NoZW1hX3ZlcnNpb24iOiIxIn0="
        }
      ]
    }
  ],
  "check_results": null
}
